
Microsoft Visual Studio Solution File, Format Version 12.00
# Visual Studio Version 16
VisualStudioVersion = 16.0.31205.134
MinimumVisualStudioVersion = 10.0.40219.1
Project("{FAE04EC0-301F-11D3-BF4B-00C04F79EFBC}") = "CowinCheck", "CowinCheck\CowinCheck.csproj", "{F686AE08-ECFA-42D5-98A6-075712645AEA}"
EndProject
Global
	GlobalSection(SolutionConfigurationPlatforms) = preSolution
		Debug|Any CPU = Debug|Any CPU
		Release|Any CPU = Release|Any CPU
	EndGlobalSection
	GlobalSection(ProjectConfigurationPlatforms) = postSolution
		{F686AE08-ECFA-42D5-98A6-075712645AEA}.Debug|Any CPU.ActiveCfg = Debug|Any CPU
		{F686AE08-ECFA-42D5-98A6-075712645AEA}.Debug|Any CPU.Build.0 = Debug|Any CPU
		{F686AE08-ECFA-42D5-98A6-075712645AEA}.Release|Any CPU.ActiveCfg = Release|Any CPU
		{F686AE08-ECFA-42D5-98A6-075712645AEA}.Release|Any CPU.Build.0 = Release|Any CPU
	EndGlobalSection
	GlobalSection(SolutionProperties) = preSolution
		HideSolutionNode = FALSE
	EndGlobalSection
	GlobalSection(ExtensibilityGlobals) = postSolution
		SolutionGuid = {DB0BBAE7-248B-4A52-8CAF-ED46F0DFEC50}
	EndGlobalSection
EndGlobal
